
Microsoft Visual Studio Solution File, Format Version 12.00
# Visual Studio Version 16
VisualStudioVersion = 16.0.29920.165
MinimumVisualStudioVersion = 10.0.40219.1
Project("{FAE04EC0-301F-11D3-BF4B-00C04F79EFBC}") = "JwtAuthentication", "JwtAuthentication\JwtAuthentication.csproj", "{507FBDDD-0A88-45C4-92BC-014ECF847FF2}"
EndProject
Global
	GlobalSection(SolutionConfigurationPlatforms) = preSolution
		Debug|Any CPU = Debug|Any CPU
		Release|Any CPU = Release|Any CPU
	EndGlobalSection
	GlobalSection(ProjectConfigurationPlatforms) = postSolution
		{507FBDDD-0A88-45C4-92BC-014ECF847FF2}.Debug|Any CPU.ActiveCfg = Debug|Any CPU
		{507FBDDD-0A88-45C4-92BC-014ECF847FF2}.Debug|Any CPU.Build.0 = Debug|Any CPU
		{507FBDDD-0A88-45C4-92BC-014ECF847FF2}.Release|Any CPU.ActiveCfg = Release|Any CPU
		{507FBDDD-0A88-45C4-92BC-014ECF847FF2}.Release|Any CPU.Build.0 = Release|Any CPU
	EndGlobalSection
	GlobalSection(SolutionProperties) = preSolution
		HideSolutionNode = FALSE
	EndGlobalSection
	GlobalSection(ExtensibilityGlobals) = postSolution
		SolutionGuid = {06F6782B-4D92-4799-9EDB-B7E8EA8E85FA}
	EndGlobalSection
EndGlobal
